
Microsoft Visual Studio Solution File, Format Version 12.00
# Visual Studio 15
VisualStudioVersion = 15.0.27130.2010
MinimumVisualStudioVersion = 10.0.40219.1
Project("{FAE04EC0-301F-11D3-BF4B-00C04F79EFBC}") = "AlRobotCleaner.Domain", "AlRobotCleaner\AlRobotCleaner.Domain.csproj", "{FE565672-E90D-434A-B50C-A055EB770AA8}"
EndProject
Project("{FAE04EC0-301F-11D3-BF4B-00C04F79EFBC}") = "AlRobotCleaner.Tests", "AlRobotCleaner.Tests\AlRobotCleaner.Tests.csproj", "{95788374-FB6E-46F7-8E7C-41E49444EDD7}"
EndProject
Project("{FAE04EC0-301F-11D3-BF4B-00C04F79EFBC}") = "AlRobotCleaner.Console", "AlRobotCleaner.Console\AlRobotCleaner.Console.csproj", "{7B4E19AC-0568-44BF-B7CB-CC8F6992089C}"
EndProject
Global
	GlobalSection(SolutionConfigurationPlatforms) = preSolution
		Debug|Any CPU = Debug|Any CPU
		Release|Any CPU = Release|Any CPU
	EndGlobalSection
	GlobalSection(ProjectConfigurationPlatforms) = postSolution
		{FE565672-E90D-434A-B50C-A055EB770AA8}.Debug|Any CPU.ActiveCfg = Debug|Any CPU
		{FE565672-E90D-434A-B50C-A055EB770AA8}.Debug|Any CPU.Build.0 = Debug|Any CPU
		{FE565672-E90D-434A-B50C-A055EB770AA8}.Release|Any CPU.ActiveCfg = Release|Any CPU
		{FE565672-E90D-434A-B50C-A055EB770AA8}.Release|Any CPU.Build.0 = Release|Any CPU
		{95788374-FB6E-46F7-8E7C-41E49444EDD7}.Debug|Any CPU.ActiveCfg = Debug|Any CPU
		{95788374-FB6E-46F7-8E7C-41E49444EDD7}.Debug|Any CPU.Build.0 = Debug|Any CPU
		{95788374-FB6E-46F7-8E7C-41E49444EDD7}.Release|Any CPU.ActiveCfg = Release|Any CPU
		{95788374-FB6E-46F7-8E7C-41E49444EDD7}.Release|Any CPU.Build.0 = Release|Any CPU
		{7B4E19AC-0568-44BF-B7CB-CC8F6992089C}.Debug|Any CPU.ActiveCfg = Debug|Any CPU
		{7B4E19AC-0568-44BF-B7CB-CC8F6992089C}.Debug|Any CPU.Build.0 = Debug|Any CPU
		{7B4E19AC-0568-44BF-B7CB-CC8F6992089C}.Release|Any CPU.ActiveCfg = Release|Any CPU
		{7B4E19AC-0568-44BF-B7CB-CC8F6992089C}.Release|Any CPU.Build.0 = Release|Any CPU
	EndGlobalSection
	GlobalSection(SolutionProperties) = preSolution
		HideSolutionNode = FALSE
	EndGlobalSection
	GlobalSection(ExtensibilityGlobals) = postSolution
		SolutionGuid = {9EBE83CE-CD81-4620-B530-86AFFC4A8624}
	EndGlobalSection
EndGlobal
